Microsoft Visual Studio Solution File, Format Version 12.00
# Visual Studio Version 17
VisualStudioVersion = 17.5.2.0
MinimumVisualStudioVersion = 10.0.40219.1
Project("{FAE04EC0-301F-11D3-BF4B-00C04F79EFBC}") = "WebClinicSystem", "WebClinicSystem.csproj", "{87ABB23C-350F-71AF-2448-22740E6FB57F}"
EndProject
Global
	GlobalSection(SolutionConfigurationPlatforms) = preSolution
		Debug|Any CPU = Debug|Any CPU
		Release|Any CPU = Release|Any CPU
	EndGlobalSection
	GlobalSection(ProjectConfigurationPlatforms) = postSolution
		{87ABB23C-350F-71AF-2448-22740E6FB57F}.Debug|Any CPU.ActiveCfg = Debug|Any CPU
		{87ABB23C-350F-71AF-2448-22740E6FB57F}.Debug|Any CPU.Build.0 = Debug|Any CPU
		{87ABB23C-350F-71AF-2448-22740E6FB57F}.Release|Any CPU.ActiveCfg = Release|Any CPU
		{87ABB23C-350F-71AF-2448-22740E6FB57F}.Release|Any CPU.Build.0 = Release|Any CPU
	EndGlobalSection
	GlobalSection(SolutionProperties) = preSolution
		HideSolutionNode = FALSE
	EndGlobalSection
	GlobalSection(ExtensibilityGlobals) = postSolution
		SolutionGuid = {C7BA8C87-95BE-4B03-A1BF-83C6FD82202D}
	EndGlobalSection
EndGlobal
